// !$*UTF8*$!
{
	archiveVersion = 1;
	classes = {
	};
	objectVersion = 50;
	objects = {

/* Begin PBXBuildFile section */
		C55BBAAD2682C097003EBB8E /* NavigationLinkChallenge_M5L8App.swift in Sources */ = {isa = PBXBuildFile; fileRef = C55BBAAC2682C097003EBB8E /* NavigationLinkChallenge_M5L8App.swift */; };
		C55BBAAF2682C097003EBB8E /* ContentView.swift in Sources */ = {isa = PBXBuildFile; fileRef = C55BBAAE2682C097003EBB8E /* ContentView.swift */; };
		C55BBAB12682C098003EBB8E /* Assets.xcassets in Resources */ = {isa = PBXBuildFile; fileRef = C55BBAB02682C098003EBB8E /* Assets.xcassets */; };
		C55BBAB42682C098003EBB8E /* Preview Assets.xcassets in Resources */ = {isa = PBXBuildFile; fileRef = C55BBAB32682C098003EBB8E /* Preview Assets.xcassets */; };
		C55BBABC2682C0D0003EBB8E /* LinkModel.swift in Sources */ = {isa = PBXBuildFile; fileRef = C55BBABB2682C0D0003EBB8E /* LinkModel.swift */; };
		C55BBABE2682C40B003EBB8E /* ChildView.swift in Sources */ = {isa = PBXBuildFile; fileRef = C55BBABD2682C40B003EBB8E /* ChildView.swift */; };
/* End PBXBuildFile section */

/* Begin PBXFileReference section */
		C55BBAA92682C097003EBB8E /* NavigationLinkChallenge-M5L8.app */ = {isa = PBXFileReference; explicitFileType = wrapper.application; includeInIndex = 0; path = "NavigationLinkChallenge-M5L8.app"; sourceTree = BUILT_PRODUCTS_DIR; };
		C55BBAAC2682C097003EBB8E /* NavigationLinkChallenge_M5L8App.swift */ = {isa = PBXFileReference; lastKnownFileType = sourcecode.swift; path = NavigationLinkChallenge_M5L8App.swift; sourceTree = "<group>"; };
		C55BBAAE2682C097003EBB8E /* ContentView.swift */ = {isa = PBXFileReference; lastKnownFileType = sourcecode.swift; path = ContentView.swift; sourceTree = "<group>"; };
		C55BBAB02682C098003EBB8E /* Assets.xcassets */ = {isa = PBXFileReference; lastKnownFileType = folder.assetcatalog; path = Assets.xcassets; sourceTree = "<group>"; };
		C55BBAB32682C098003EBB8E /* Preview Assets.xcassets */ = {isa = PBXFileReference; lastKnownFileType = folder.assetcatalog; path = "Preview Assets.xcassets"; sourceTree = "<group>"; };
		C55BBAB52682C098003EBB8E /* Info.plist */ = {isa = PBXFileReference; lastKnownFileType = text.plist.xml; path = Info.plist; sourceTree = "<group>"; };
		C55BBABB2682C0D0003EBB8E /* LinkModel.swift */ = {isa = PBXFileReference; lastKnownFileType = sourcecode.swift; path = LinkModel.swift; sourceTree = "<group>"; };
		C55BBABD2682C40B003EBB8E /* ChildView.swift */ = {isa = PBXFileReference; lastKnownFileType = sourcecode.swift; path = ChildView.swift; sourceTree = "<group>"; };
/* End PBXFileReference section */

/* Begin PBXFrameworksBuildPhase section */
		C55BBAA62682C097003EBB8E /* Frameworks */ = {
			isa = PBXFrameworksBuildPhase;
			buildActionMask = 2147483647;
			files = (
			);
			runOnlyForDeploymentPostprocessing = 0;
		};
/* End PBXFrameworksBuildPhase section */

/* Begin PBXGroup section */
		C55BBAA02682C097003EBB8E = {
			isa = PBXGroup;
			children = (
				C55BBAAB2682C097003EBB8E /* NavigationLinkChallenge-M5L8 */,
				C55BBAAA2682C097003EBB8E /* Products */,
			);
			sourceTree = "<group>";
		};
		C55BBAAA2682C097003EBB8E /* Products */ = {
			isa = PBXGroup;
			children = (
				C55BBAA92682C097003EBB8E /* NavigationLinkChallenge-M5L8.app */,
			);
			name = Products;
			sourceTree = "<group>";
		};
		C55BBAAB2682C097003EBB8E /* NavigationLinkChallenge-M5L8 */ = {
			isa = PBXGroup;
			children = (
				C55BBAAC2682C097003EBB8E /* NavigationLinkChallenge_M5L8App.swift */,
				C55BBAAE2682C097003EBB8E /* ContentView.swift */,
				C55BBABD2682C40B003EBB8E /* ChildView.swift */,
				C55BBABB2682C0D0003EBB8E /* LinkModel.swift */,
				C55BBAB02682C098003EBB8E /* Assets.xcassets */,
				C55BBAB52682C098003EBB8E /* Info.plist */,
				C55BBAB22682C098003EBB8E /* Preview Content */,
			);
			path = "NavigationLinkChallenge-M5L8";
			sourceTree = "<group>";
		};
		C55BBAB22682C098003EBB8E /* Preview Content */ = {
			isa = PBXGroup;
			children = (
				C55BBAB32682C098003EBB8E /* Preview Assets.xcassets */,
			);
			path = "Preview Content";
			sourceTree = "<group>";
		};
/* End PBXGroup section */

/* Begin PBXNativeTarget section */
		C55BBAA82682C097003EBB8E /* NavigationLinkChallenge-M5L8 */ = {
			isa = PBXNativeTarget;
			buildConfigurationList = C55BBAB82682C098003EBB8E /* Build configuration list for PBXNativeTarget "NavigationLinkChallenge-M5L8" */;
			buildPhases = (
				C55BBAA52682C097003EBB8E /* Sources */,
				C55BBAA62682C097003EBB8E /* Frameworks */,
				C55BBAA72682C097003EBB8E /* Resources */,
			);
			buildRules = (
			);
			dependencies = (
			);
			name = "NavigationLinkChallenge-M5L8";
			productName = "NavigationLinkChallenge-M5L8";
			productReference = C55BBAA92682C097003EBB8E /* NavigationLinkChallenge-M5L8.app */;
			productType = "com.apple.product-type.application";
		};
/* End PBXNativeTarget section */

/* Begin PBXProject section */
		C55BBAA12682C097003EBB8E /* Project object */ = {
			isa = PBXProject;
			attributes = {
				LastSwiftUpdateCheck = 1250;
				LastUpgradeCheck = 1250;
				TargetAttributes = {
					C55BBAA82682C097003EBB8E = {
						CreatedOnToolsVersion = 12.5;
					};
				};
			};
			buildConfigurationList = C55BBAA42682C097003EBB8E /* Build configuration list for PBXProject "NavigationLinkChallenge-M5L8" */;
			compatibilityVersion = "Xcode 9.3";
			developmentRegion = en;
			hasScannedForEncodings = 0;
			knownRegions = (
				en,
				Base,
			);
			mainGroup = C55BBAA02682C097003EBB8E;
			productRefGroup = C55BBAAA2682C097003EBB8E /* Products */;
			projectDirPath = "";
			projectRoot = "";
			targets = (
				C55BBAA82682C097003EBB8E /* NavigationLinkChallenge-M5L8 */,
			);
		};
/* End PBXProject section */

/* Begin PBXResourcesBuildPhase section */
		C55BBAA72682C097003EBB8E /* Resources */ = {
			isa = PBXResourcesBuildPhase;
			buildActionMask = 2147483647;
			files = (
				C55BBAB42682C098003EBB8E /* Preview Assets.xcassets in Resources */,
				C55BBAB12682C098003EBB8E /* Assets.xcassets in Resources */,
			);
			runOnlyForDeploymentPostprocessing = 0;
		};
/* End PBXResourcesBuildPhase section */

/* Begin PBXSourcesBuildPhase section */
		C55BBAA52682C097003EBB8E /* Sources */ = {
			isa = PBXSourcesBuildPhase;
			buildActionMask = 2147483647;
			files = (
				C55BBABC2682C0D0003EBB8E /* LinkModel.swift in Sources */,
				C55BBABE2682C40B003EBB8E /* ChildView.swift in Sources */,
				C55BBAAF2682C097003EBB8E /* ContentView.swift in Sources */,
				C55BBAAD2682C097003EBB8E /* NavigationLinkChallenge_M5L8App.swift in Sources */,
			);
			runOnlyForDeploymentPostprocessing = 0;
		};
/* End PBXSourcesBuildPhase section */

/* Begin XCBuildConfiguration section */
		C55BBAB62682C098003EBB8E /* Debug */ = {
			isa = XCBuildConfiguration;
			buildSettings = {
				ALWAYS_SEARCH_USER_PATHS = NO;
				CLANG_ANALYZER_NONNULL = YES;
				CLANG_ANALYZER_NUMBER_OBJECT_CONVERSION = YES_AGGRESSIVE;
				CLANG_CXX_LANGUAGE_STANDARD = "gnu++14";
				CLANG_CXX_LIBRARY = "libc++";
				CLANG_ENABLE_MODULES = YES;
				CLANG_ENABLE_OBJC_ARC = YES;
				CLANG_ENABLE_OBJC_WEAK = YES;
				CLANG_WARN_BLOCK_CAPTURE_AUTORELEASING = YES;
				CLANG_WARN_BOOL_CONVERSION = YES;
				CLANG_WARN_COMMA = YES;
				CLANG_WARN_CONSTANT_CONVERSION = YES;
				CLANG_WARN_DEPRECATED_OBJC_IMPLEMENTATIONS = YES;
				CLANG_WARN_DIRECT_OBJC_ISA_USAGE = YES_ERROR;
				CLANG_WARN_DOCUMENTATION_COMMENTS = YES;
				CLANG_WARN_EMPTY_BODY = YES;
				CLANG_WARN_ENUM_CONVERSION = YES;
				CLANG_WARN_INFINITE_RECURSION = YES;
				CLANG_WARN_INT_CONVERSION = YES;
				CLANG_WARN_NON_LITERAL_NULL_CONVERSION = YES;
				CLANG_WARN_OBJC_IMPLICIT_RETAIN_SELF = YES;
				CLANG_WARN_OBJC_LITERAL_CONVERSION = YES;
				CLANG_WARN_OBJC_ROOT_CLASS = YES_ERROR;
				CLANG_WARN_QUOTED_INCLUDE_IN_FRAMEWORK_HEADER = YES;
				CLANG_WARN_RANGE_LOOP_ANALYSIS = YES;
				CLANG_WARN_STRICT_PROTOTYPES = YES;
				CLANG_WARN_SUSPICIOUS_MOVE = YES;
				CLANG_WARN_UNGUARDED_AVAILABILITY = YES_AGGRESSIVE;
				CLANG_WARN_UNREACHABLE_CODE = YES;
				CLANG_WARN__DUPLICATE_METHOD_MATCH = YES;
				COPY_PHASE_STRIP = NO;
				DEBUG_INFORMATION_FORMAT = dwarf;
				ENABLE_STRICT_OBJC_MSGSEND = YES;
				ENABLE_TESTABILITY = YES;
				GCC_C_LANGUAGE_STANDARD = gnu11;
				GCC_DYNAMIC_NO_PIC = NO;
				GCC_NO_COMMON_BLOCKS = YES;
				GCC_OPTIMIZATION_LEVEL = 0;
				GCC_PREPROCESSOR_DEFINITIONS = (
					"DEBUG=1",
					"$(inherited)",
				);
				GCC_WARN_64_TO_32_BIT_CONVERSION = YES;
				GCC_WARN_ABOUT_RETURN_TYPE = YES_ERROR;
				GCC_WARN_UNDECLARED_SELECTOR = YES;
				GCC_WARN_UNINITIALIZED_AUTOS = YES_AGGRESSIVE;
				GCC_WARN_UNUSED_FUNCTION = YES;
				GCC_WARN_UNUSED_VARIABLE = YES;
				IPHONEOS_DEPLOYMENT_TARGET = 14.5;
				MTL_ENABLE_DEBUG_INFO = INCLUDE_SOURCE;
				MTL_FAST_MATH = YES;
				ONLY_ACTIVE_ARCH = YES;
				SDKROOT = iphoneos;
				SWIFT_ACTIVE_COMPILATION_CONDITIONS = DEBUG;
				SWIFT_OPTIMIZATION_LEVEL = "-Onone";
			};
			name = Debug;
		};
		C55BBAB72682C098003EBB8E /* Release */ = {
			isa = XCBuildConfiguration;
			buildSettings = {
				ALWAYS_SEARCH_USER_PATHS = NO;
				CLANG_ANALYZER_NONNULL = YES;
				CLANG_ANALYZER_NUMBER_OBJECT_CONVERSION = YES_AGGRESSIVE;
				CLANG_CXX_LANGUAGE_STANDARD = "gnu++14";
				CLANG_CXX_LIBRARY = "libc++";
				CLANG_ENABLE_MODULES = YES;
				CLANG_ENABLE_OBJC_ARC = YES;
				CLANG_ENABLE_OBJC_WEAK = YES;
				CLANG_WARN_BLOCK_CAPTURE_AUTORELEASING = YES;
				CLANG_WARN_BOOL_CONVERSION = YES;
				CLANG_WARN_COMMA = YES;
				CLANG_WARN_CONSTANT_CONVERSION = YES;
				CLANG_WARN_DEPRECATED_OBJC_IMPLEMENTATIONS = YES;
				CLANG_WARN_DIRECT_OBJC_ISA_USAGE = YES_ERROR;
				CLANG_WARN_DOCUMENTATION_COMMENTS = YES;
				CLANG_WARN_EMPTY_BODY = YES;
				CLANG_WARN_ENUM_CONVERSION = YES;
				CLANG_WARN_INFINITE_RECURSION = YES;
				CLANG_WARN_INT_CONVERSION = YES;
				CLANG_WARN_NON_LITERAL_NULL_CONVERSION = YES;
				CLANG_WARN_OBJC_IMPLICIT_RETAIN_SELF = YES;
				CLANG_WARN_OBJC_LITERAL_CONVERSION = YES;
				CLANG_WARN_OBJC_ROOT_CLASS = YES_ERROR;
				CLANG_WARN_QUOTED_INCLUDE_IN_FRAMEWORK_HEADER = YES;
				CLANG_WARN_RANGE_LOOP_ANALYSIS = YES;
				CLANG_WARN_STRICT_PROTOTYPES = YES;
				CLANG_WARN_SUSPICIOUS_MOVE = YES;
				CLANG_WARN_UNGUARDED_AVAILABILITY = YES_AGGRESSIVE;
				CLANG_WARN_UNREACHABLE_CODE = YES;
				CLANG_WARN__DUPLICATE_METHOD_MATCH = YES;
				COPY_PHASE_STRIP = NO;
				DEBUG_INFORMATION_FORMAT = "dwarf-with-dsym";
				ENABLE_NS_ASSERTIONS = NO;
				ENABLE_STRICT_OBJC_MSGSEND = YES;
				GCC_C_LANGUAGE_STANDARD = gnu11;
				GCC_NO_COMMON_BLOCKS = YES;
				GCC_WARN_64_TO_32_BIT_CONVERSION = YES;
				GCC_WARN_ABOUT_RETURN_TYPE = YES_ERROR;
				GCC_WARN_UNDECLARED_SELECTOR = YES;
				GCC_WARN_UNINITIALIZED_AUTOS = YES_AGGRESSIVE;
				GCC_WARN_UNUSED_FUNCTION = YES;
				GCC_WARN_UNUSED_VARIABLE = YES;
				IPHONEOS_DEPLOYMENT_TARGET = 14.5;
				MTL_ENABLE_DEBUG_INFO = NO;
				MTL_FAST_MATH = YES;
				SDKROOT = iphoneos;
				SWIFT_COMPILATION_MODE = wholemodule;
				SWIFT_OPTIMIZATION_LEVEL = "-O";
				VALIDATE_PRODUCT = YES;
			};
			name = Release;
		};
		C55BBAB92682C098003EBB8E /* Debug */ = {
			isa = XCBuildConfiguration;
			buildSettings = {
				ASSETCATALOG_COMPILER_APPICON_NAME = AppIcon;
				ASSETCATALOG_COMPILER_GLOBAL_ACCENT_COLOR_NAME = AccentColor;
				CODE_SIGN_STYLE = Automatic;
				DEVELOPMENT_ASSET_PATHS = "\"NavigationLinkChallenge-M5L8/Preview Content\"";
				ENABLE_PREVIEWS = YES;
				INFOPLIST_FILE = "NavigationLinkChallenge-M5L8/Info.plist";
				IPHONEOS_DEPLOYMENT_TARGET = 14.0;
				LD_RUNPATH_SEARCH_PATHS = (
					"$(inherited)",
					"@executable_path/Frameworks",
				);
				PRODUCT_BUNDLE_IDENTIFIER = "com.SteveTran.NavigationLinkChallenge-M5L8";
				PRODUCT_NAME = "$(TARGET_NAME)";
				SWIFT_VERSION = 5.0;
				TARGETED_DEVICE_FAMILY = "1,2";
			};
			name = Debug;
		};
		C55BBABA2682C098003EBB8E /* Release */ = {
			isa = XCBuildConfiguration;
			buildSettings = {
				ASSETCATALOG_COMPILER_APPICON_NAME = AppIcon;
				ASSETCATALOG_COMPILER_GLOBAL_ACCENT_COLOR_NAME = AccentColor;
				CODE_SIGN_STYLE = Automatic;
				DEVELOPMENT_ASSET_PATHS = "\"NavigationLinkChallenge-M5L8/Preview Content\"";
				ENABLE_PREVIEWS = YES;
				INFOPLIST_FILE = "NavigationLinkChallenge-M5L8/Info.plist";
				IPHONEOS_DEPLOYMENT_TARGET = 14.0;
				LD_RUNPATH_SEARCH_PATHS = (
					"$(inherited)",
					"@executable_path/Frameworks",
				);
				PRODUCT_BUNDLE_IDENTIFIER = "com.SteveTran.NavigationLinkChallenge-M5L8";
				PRODUCT_NAME = "$(TARGET_NAME)";
				SWIFT_VERSION = 5.0;
				TARGETED_DEVICE_FAMILY = "1,2";
			};
			name = Release;
		};
/* End XCBuildConfiguration section */

/* Begin XCConfigurationList section */
		C55BBAA42682C097003EBB8E /* Build configuration list for PBXProject "NavigationLinkChallenge-M5L8" */ = {
			isa = XCConfigurationList;
			buildConfigurations = (
				C55BBAB62682C098003EBB8E /* Debug */,
				C55BBAB72682C098003EBB8E /* Release */,
			);
			defaultConfigurationIsVisible = 0;
			defaultConfigurationName = Release;
		};
		C55BBAB82682C098003EBB8E /* Build configuration list for PBXNativeTarget "NavigationLinkChallenge-M5L8" */ = {
			isa = XCConfigurationList;
			buildConfigurations = (
				C55BBAB92682C098003EBB8E /* Debug */,
				C55BBABA2682C098003EBB8E /* Release */,
			);
			defaultConfigurationIsVisible = 0;
			defaultConfigurationName = Release;
		};
/* End XCConfigurationList section */
	};
	rootObject = C55BBAA12682C097003EBB8E /* Project object */;
}
